
Microsoft Visual Studio Solution File, Format Version 11.00
# Visual Studio 2010
Project("{8BC9CEB8-8B4A-11D0-8D11-00A0C91BC942}") = "5计算为一年中的第几天", "5计算为一年中的第几天\5计算为一年中的第几天.vcxproj", "{4D4DD753-DFA5-4227-839C-6FF5483DE3F8}"
EndProject
Global
	GlobalSection(SolutionConfigurationPlatforms) = preSolution
		Debug|Win32 = Debug|Win32
		Release|Win32 = Release|Win32
	EndGlobalSection
	GlobalSection(ProjectConfigurationPlatforms) = postSolution
		{4D4DD753-DFA5-4227-839C-6FF5483DE3F8}.Debug|Win32.ActiveCfg = Debug|Win32
		{4D4DD753-DFA5-4227-839C-6FF5483DE3F8}.Debug|Win32.Build.0 = Debug|Win32
		{4D4DD753-DFA5-4227-839C-6FF5483DE3F8}.Release|Win32.ActiveCfg = Release|Win32
		{4D4DD753-DFA5-4227-839C-6FF5483DE3F8}.Release|Win32.Build.0 = Release|Win32
	EndGlobalSection
	GlobalSection(SolutionProperties) = preSolution
		HideSolutionNode = FALSE
	EndGlobalSection
EndGlobal
