
Microsoft Visual Studio Solution File, Format Version 10.00
# Visual Studio 2008
Project("{8BC9CEB8-8B4A-11D0-8D11-00A0C91BC942}") = "gongbei", "gongbei\gongbei.vcproj", "{EA9DDE25-71A5-4913-8CBB-3C5FBF1E851A}"
EndProject
Global
	GlobalSection(SolutionConfigurationPlatforms) = preSolution
		Debug|Win32 = Debug|Win32
		Release|Win32 = Release|Win32
	EndGlobalSection
	GlobalSection(ProjectConfigurationPlatforms) = postSolution
		{EA9DDE25-71A5-4913-8CBB-3C5FBF1E851A}.Debug|Win32.ActiveCfg = Debug|Win32
		{EA9DDE25-71A5-4913-8CBB-3C5FBF1E851A}.Debug|Win32.Build.0 = Debug|Win32
		{EA9DDE25-71A5-4913-8CBB-3C5FBF1E851A}.Release|Win32.ActiveCfg = Release|Win32
		{EA9DDE25-71A5-4913-8CBB-3C5FBF1E851A}.Release|Win32.Build.0 = Release|Win32
	EndGlobalSection
	GlobalSection(SolutionProperties) = preSolution
		HideSolutionNode = FALSE
	EndGlobalSection
EndGlobal
