
Microsoft Visual Studio Solution File, Format Version 11.00
# Visual Studio 2010
Project("{8BC9CEB8-8B4A-11D0-8D11-00A0C91BC942}") = "累加和不小于10000 输出n", "累加和不小于10000 输出n\累加和不小于10000 输出n.vcxproj", "{F88E5FE3-EA8C-4B27-9C9C-631EA3ECA6D0}"
EndProject
Global
	GlobalSection(SolutionConfigurationPlatforms) = preSolution
		Debug|Win32 = Debug|Win32
		Release|Win32 = Release|Win32
	EndGlobalSection
	GlobalSection(ProjectConfigurationPlatforms) = postSolution
		{F88E5FE3-EA8C-4B27-9C9C-631EA3ECA6D0}.Debug|Win32.ActiveCfg = Debug|Win32
		{F88E5FE3-EA8C-4B27-9C9C-631EA3ECA6D0}.Debug|Win32.Build.0 = Debug|Win32
		{F88E5FE3-EA8C-4B27-9C9C-631EA3ECA6D0}.Release|Win32.ActiveCfg = Release|Win32
		{F88E5FE3-EA8C-4B27-9C9C-631EA3ECA6D0}.Release|Win32.Build.0 = Release|Win32
	EndGlobalSection
	GlobalSection(SolutionProperties) = preSolution
		HideSolutionNode = FALSE
	EndGlobalSection
EndGlobal
