
Microsoft Visual Studio Solution File, Format Version 11.00
# Visual Studio 2010
Project("{8BC9CEB8-8B4A-11D0-8D11-00A0C91BC942}") = "1子字符串出现的次数", "1子字符串出现的次数\1子字符串出现的次数.vcxproj", "{B61A0DB8-7B99-4E9F-8016-08EAB7E3073C}"
EndProject
Global
	GlobalSection(SolutionConfigurationPlatforms) = preSolution
		Debug|Win32 = Debug|Win32
		Release|Win32 = Release|Win32
	EndGlobalSection
	GlobalSection(ProjectConfigurationPlatforms) = postSolution
		{B61A0DB8-7B99-4E9F-8016-08EAB7E3073C}.Debug|Win32.ActiveCfg = Debug|Win32
		{B61A0DB8-7B99-4E9F-8016-08EAB7E3073C}.Debug|Win32.Build.0 = Debug|Win32
		{B61A0DB8-7B99-4E9F-8016-08EAB7E3073C}.Release|Win32.ActiveCfg = Release|Win32
		{B61A0DB8-7B99-4E9F-8016-08EAB7E3073C}.Release|Win32.Build.0 = Release|Win32
	EndGlobalSection
	GlobalSection(SolutionProperties) = preSolution
		HideSolutionNode = FALSE
	EndGlobalSection
EndGlobal
