// !$*UTF8*$!
{
	archiveVersion = 1;
	classes = {
	};
	objectVersion = 46;
	objects = {

/* Begin PBXBuildFile section */
		C51708351BF9CAAA0038BC48 /* main.cpp in Sources */ = {isa = PBXBuildFile; fileRef = C51708341BF9CAAA0038BC48 /* main.cpp */; };
/* End PBXBuildFile section */

/* Begin PBXCopyFilesBuildPhase section */
		C517082F1BF9CAAA0038BC48 /* CopyFiles */ = {
			isa = PBXCopyFilesBuildPhase;
			buildActionMask = 2147483647;
			dstPath = /usr/share/man/man1/;
			dstSubfolderSpec = 0;
			files = (
			);
			runOnlyForDeploymentPostprocessing = 1;
		};
/* End PBXCopyFilesBuildPhase section */

/* Begin PBXFileReference section */
		C51708311BF9CAAA0038BC48 /* 素数输出（3到1000） */ = {isa = PBXFileReference; explicitFileType = "compiled.mach-o.executable"; includeInIndex = 0; path = "素数输出（3到1000）"; sourceTree = BUILT_PRODUCTS_DIR; };
		C51708341BF9CAAA0038BC48 /* main.cpp */ = {isa = PBXFileReference; lastKnownFileType = sourcecode.cpp.cpp; path = main.cpp; sourceTree = "<group>"; };
/* End PBXFileReference section */

/* Begin PBXFrameworksBuildPhase section */
		C517082E1BF9CAAA0038BC48 /* Frameworks */ = {
			isa = PBXFrameworksBuildPhase;
			buildActionMask = 2147483647;
			files = (
			);
			runOnlyForDeploymentPostprocessing = 0;
		};
/* End PBXFrameworksBuildPhase section */

/* Begin PBXGroup section */
		C51708281BF9CAAA0038BC48 = {
			isa = PBXGroup;
			children = (
				C51708331BF9CAAA0038BC48 /* 素数输出（3到1000） */,
				C51708321BF9CAAA0038BC48 /* Products */,
			);
			sourceTree = "<group>";
		};
		C51708321BF9CAAA0038BC48 /* Products */ = {
			isa = PBXGroup;
			children = (
				C51708311BF9CAAA0038BC48 /* 素数输出（3到1000） */,
			);
			name = Products;
			sourceTree = "<group>";
		};
		C51708331BF9CAAA0038BC48 /* 素数输出（3到1000） */ = {
			isa = PBXGroup;
			children = (
				C51708341BF9CAAA0038BC48 /* main.cpp */,
			);
			path = "素数输出（3到1000）";
			sourceTree = "<group>";
		};
/* End PBXGroup section */

/* Begin PBXNativeTarget section */
		C51708301BF9CAAA0038BC48 /* 素数输出（3到1000） */ = {
			isa = PBXNativeTarget;
			buildConfigurationList = C51708381BF9CAAA0038BC48 /* Build configuration list for PBXNativeTarget "素数输出（3到1000）" */;
			buildPhases = (
				C517082D1BF9CAAA0038BC48 /* Sources */,
				C517082E1BF9CAAA0038BC48 /* Frameworks */,
				C517082F1BF9CAAA0038BC48 /* CopyFiles */,
			);
			buildRules = (
			);
			dependencies = (
			);
			name = "素数输出（3到1000）";
			productName = "素数输出（3到1000）";
			productReference = C51708311BF9CAAA0038BC48 /* 素数输出（3到1000） */;
			productType = "com.apple.product-type.tool";
		};
/* End PBXNativeTarget section */

/* Begin PBXProject section */
		C51708291BF9CAAA0038BC48 /* Project object */ = {
			isa = PBXProject;
			attributes = {
				LastUpgradeCheck = 0710;
				ORGANIZATIONNAME = Liuhao;
				TargetAttributes = {
					C51708301BF9CAAA0038BC48 = {
						CreatedOnToolsVersion = 7.1;
					};
				};
			};
			buildConfigurationList = C517082C1BF9CAAA0038BC48 /* Build configuration list for PBXProject "素数输出（3到1000）" */;
			compatibilityVersion = "Xcode 3.2";
			developmentRegion = English;
			hasScannedForEncodings = 0;
			knownRegions = (
				en,
			);
			mainGroup = C51708281BF9CAAA0038BC48;
			productRefGroup = C51708321BF9CAAA0038BC48 /* Products */;
			projectDirPath = "";
			projectRoot = "";
			targets = (
				C51708301BF9CAAA0038BC48 /* 素数输出（3到1000） */,
			);
		};
/* End PBXProject section */

/* Begin PBXSourcesBuildPhase section */
		C517082D1BF9CAAA0038BC48 /* Sources */ = {
			isa = PBXSourcesBuildPhase;
			buildActionMask = 2147483647;
			files = (
				C51708351BF9CAAA0038BC48 /* main.cpp in Sources */,
			);
			runOnlyForDeploymentPostprocessing = 0;
		};
/* End PBXSourcesBuildPhase section */

/* Begin XCBuildConfiguration section */
		C51708361BF9CAAA0038BC48 /* Debug */ = {
			isa = XCBuildConfiguration;
			buildSettings = {
				ALWAYS_SEARCH_USER_PATHS = NO;
				CLANG_CXX_LANGUAGE_STANDARD = "gnu++0x";
				CLANG_CXX_LIBRARY = "libc++";
				CLANG_ENABLE_MODULES = YES;
				CLANG_ENABLE_OBJC_ARC = YES;
				CLANG_WARN_BOOL_CONVERSION = YES;
				CLANG_WARN_CONSTANT_CONVERSION = YES;
				CLANG_WARN_DIRECT_OBJC_ISA_USAGE = YES_ERROR;
				CLANG_WARN_EMPTY_BODY = YES;
				CLANG_WARN_ENUM_CONVERSION = YES;
				CLANG_WARN_INT_CONVERSION = YES;
				CLANG_WARN_OBJC_ROOT_CLASS = YES_ERROR;
				CLANG_WARN_UNREACHABLE_CODE = YES;
				CLANG_WARN__DUPLICATE_METHOD_MATCH = YES;
				CODE_SIGN_IDENTITY = "-";
				COPY_PHASE_STRIP = NO;
				DEBUG_INFORMATION_FORMAT = dwarf;
				ENABLE_STRICT_OBJC_MSGSEND = YES;
				ENABLE_TESTABILITY = YES;
				GCC_C_LANGUAGE_STANDARD = gnu99;
				GCC_DYNAMIC_NO_PIC = NO;
				GCC_NO_COMMON_BLOCKS = YES;
				GCC_OPTIMIZATION_LEVEL = 0;
				GCC_PREPROCESSOR_DEFINITIONS = (
					"DEBUG=1",
					"$(inherited)",
				);
				GCC_WARN_64_TO_32_BIT_CONVERSION = YES;
				GCC_WARN_ABOUT_RETURN_TYPE = YES_ERROR;
				GCC_WARN_UNDECLARED_SELECTOR = YES;
				GCC_WARN_UNINITIALIZED_AUTOS = YES_AGGRESSIVE;
				GCC_WARN_UNUSED_FUNCTION = YES;
				GCC_WARN_UNUSED_VARIABLE = YES;
				MACOSX_DEPLOYMENT_TARGET = 10.11;
				MTL_ENABLE_DEBUG_INFO = YES;
				ONLY_ACTIVE_ARCH = YES;
				SDKROOT = macosx;
			};
			name = Debug;
		};
		C51708371BF9CAAA0038BC48 /* Release */ = {
			isa = XCBuildConfiguration;
			buildSettings = {
				ALWAYS_SEARCH_USER_PATHS = NO;
				CLANG_CXX_LANGUAGE_STANDARD = "gnu++0x";
				CLANG_CXX_LIBRARY = "libc++";
				CLANG_ENABLE_MODULES = YES;
				CLANG_ENABLE_OBJC_ARC = YES;
				CLANG_WARN_BOOL_CONVERSION = YES;
				CLANG_WARN_CONSTANT_CONVERSION = YES;
				CLANG_WARN_DIRECT_OBJC_ISA_USAGE = YES_ERROR;
				CLANG_WARN_EMPTY_BODY = YES;
				CLANG_WARN_ENUM_CONVERSION = YES;
				CLANG_WARN_INT_CONVERSION = YES;
				CLANG_WARN_OBJC_ROOT_CLASS = YES_ERROR;
				CLANG_WARN_UNREACHABLE_CODE = YES;
				CLANG_WARN__DUPLICATE_METHOD_MATCH = YES;
				CODE_SIGN_IDENTITY = "-";
				COPY_PHASE_STRIP = NO;
				DEBUG_INFORMATION_FORMAT = "dwarf-with-dsym";
				ENABLE_NS_ASSERTIONS = NO;
				ENABLE_STRICT_OBJC_MSGSEND = YES;
				GCC_C_LANGUAGE_STANDARD = gnu99;
				GCC_NO_COMMON_BLOCKS = YES;
				GCC_WARN_64_TO_32_BIT_CONVERSION = YES;
				GCC_WARN_ABOUT_RETURN_TYPE = YES_ERROR;
				GCC_WARN_UNDECLARED_SELECTOR = YES;
				GCC_WARN_UNINITIALIZED_AUTOS = YES_AGGRESSIVE;
				GCC_WARN_UNUSED_FUNCTION = YES;
				GCC_WARN_UNUSED_VARIABLE = YES;
				MACOSX_DEPLOYMENT_TARGET = 10.11;
				MTL_ENABLE_DEBUG_INFO = NO;
				SDKROOT = macosx;
			};
			name = Release;
		};
		C51708391BF9CAAA0038BC48 /* Debug */ = {
			isa = XCBuildConfiguration;
			buildSettings = {
				PRODUCT_NAME = "$(TARGET_NAME)";
			};
			name = Debug;
		};
		C517083A1BF9CAAA0038BC48 /* Release */ = {
			isa = XCBuildConfiguration;
			buildSettings = {
				PRODUCT_NAME = "$(TARGET_NAME)";
			};
			name = Release;
		};
/* End XCBuildConfiguration section */

/* Begin XCConfigurationList section */
		C517082C1BF9CAAA0038BC48 /* Build configuration list for PBXProject "素数输出（3到1000）" */ = {
			isa = XCConfigurationList;
			buildConfigurations = (
				C51708361BF9CAAA0038BC48 /* Debug */,
				C51708371BF9CAAA0038BC48 /* Release */,
			);
			defaultConfigurationIsVisible = 0;
			defaultConfigurationName = Release;
		};
		C51708381BF9CAAA0038BC48 /* Build configuration list for PBXNativeTarget "素数输出（3到1000）" */ = {
			isa = XCConfigurationList;
			buildConfigurations = (
				C51708391BF9CAAA0038BC48 /* Debug */,
				C517083A1BF9CAAA0038BC48 /* Release */,
			);
			defaultConfigurationIsVisible = 0;
			defaultConfigurationName = Release;
		};
/* End XCConfigurationList section */
	};
	rootObject = C51708291BF9CAAA0038BC48 /* Project object */;
}
